
Microsoft Visual Studio Solution File, Format Version 12.00
# Visual Studio 2012
Project("{FAE04EC0-301F-11D3-BF4B-00C04F79EFBC}") = "BrainBowTestWebAPI", "BrainBowTestWebAPI\BrainBowTestWebAPI.csproj", "{C5B96B5A-BF84-4253-B6E2-E7A0C804D82A}"
EndProject
Project("{FAE04EC0-301F-11D3-BF4B-00C04F79EFBC}") = "BrainBowTestWebAPI.Tests", "BrainBowTestWebAPI.Tests\BrainBowTestWebAPI.Tests.csproj", "{EB893828-CB1E-417A-A60A-884046D44486}"
EndProject
Global
	GlobalSection(SolutionConfigurationPlatforms) = preSolution
		Debug|Any CPU = Debug|Any CPU
		Release|Any CPU = Release|Any CPU
	EndGlobalSection
	GlobalSection(ProjectConfigurationPlatforms) = postSolution
		{C5B96B5A-BF84-4253-B6E2-E7A0C804D82A}.Debug|Any CPU.ActiveCfg = Debug|Any CPU
		{C5B96B5A-BF84-4253-B6E2-E7A0C804D82A}.Debug|Any CPU.Build.0 = Debug|Any CPU
		{C5B96B5A-BF84-4253-B6E2-E7A0C804D82A}.Release|Any CPU.ActiveCfg = Release|Any CPU
		{C5B96B5A-BF84-4253-B6E2-E7A0C804D82A}.Release|Any CPU.Build.0 = Release|Any CPU
		{EB893828-CB1E-417A-A60A-884046D44486}.Debug|Any CPU.ActiveCfg = Debug|Any CPU
		{EB893828-CB1E-417A-A60A-884046D44486}.Debug|Any CPU.Build.0 = Debug|Any CPU
		{EB893828-CB1E-417A-A60A-884046D44486}.Release|Any CPU.ActiveCfg = Release|Any CPU
		{EB893828-CB1E-417A-A60A-884046D44486}.Release|Any CPU.Build.0 = Release|Any CPU
	EndGlobalSection
	GlobalSection(SolutionProperties) = preSolution
		HideSolutionNode = FALSE
	EndGlobalSection
EndGlobal
